dependencies:
- name: pingdirectory
  repository: https://helm.pingidentity.com/devops
  version: 0.1.0
- name: pingdataconsole
  repository: https://helm.pingidentity.com/devops
  version: 0.1.0
digest: sha256:91fab335b202bac58efc1e616b4e35595227480392642131e351eeb62afa7066
generated: "2020-10-19T10:22:11.057561-07:00"
