dependencies:
- name: pingdirectory
  repository: https://helm.pingidentity.com/devops
  version: 0.0.9
- name: pingdatasync
  repository: https://helm.pingidentity.com/devops
  version: 0.0.3
- name: pingfederate
  repository: https://helm.pingidentity.com/devops
  version: 0.0.4
- name: pingaccess
  repository: https://helm.pingidentity.com/devops
  version: 0.0.6
- name: pingcentral
  repository: https://helm.pingidentity.com/devops
  version: 0.0.19
- name: pingdataconsole
  repository: https://helm.pingidentity.com/devops
  version: 0.1.2
digest: sha256:bd5b865ef0288d5f438265cc3798a91e811ce41ff5cd2d9e7253f155abbbff22
generated: "2020-10-14T08:37:27.76751-07:00"
